// !$*UTF8*$!
{
	archiveVersion = 1;
	classes = {
	};
	objectVersion = 77;
	objects = {

/* Begin PBXBuildFile section */
		D1954F0E2DC481C60052E0B8 /* FirebaseAnalytics in Frameworks */ = {isa = PBXBuildFile; productRef = D1954F0D2DC481C60052E0B8 /* FirebaseAnalytics */; };
		D1954F102DC481C60052E0B8 /* FirebaseAnalyticsOnDeviceConversion in Frameworks */ = {isa = PBXBuildFile; productRef = D1954F0F2DC481C60052E0B8 /* FirebaseAnalyticsOnDeviceConversion */; };
		D1954F122DC481C60052E0B8 /* FirebaseAnalyticsWithoutAdIdSupport in Frameworks */ = {isa = PBXBuildFile; productRef = D1954F112DC481C60052E0B8 /* FirebaseAnalyticsWithoutAdIdSupport */; };
		D1954F142DC481C60052E0B8 /* FirebaseAppCheck in Frameworks */ = {isa = PBXBuildFile; productRef = D1954F132DC481C60052E0B8 /* FirebaseAppCheck */; };
		D1954F162DC481C60052E0B8 /* FirebaseAppDistribution-Beta in Frameworks */ = {isa = PBXBuildFile; productRef = D1954F152DC481C60052E0B8 /* FirebaseAppDistribution-Beta */; };
		D1954F1C2DC56F0F0052E0B8 /* FirebaseAuth in Frameworks */ = {isa = PBXBuildFile; productRef = D1954F1B2DC56F0F0052E0B8 /* FirebaseAuth */; };
		D1954F1E2DC56F850052E0B8 /* FirebaseFirestore in Frameworks */ = {isa = PBXBuildFile; productRef = D1954F1D2DC56F850052E0B8 /* FirebaseFirestore */; };
		D1954F222DC571DA0052E0B8 /* GoogleAPIClientForREST_Calendar in Frameworks */ = {isa = PBXBuildFile; productRef = D1954F212DC571DA0052E0B8 /* GoogleAPIClientForREST_Calendar */; };
		D1954F242DC571F00052E0B8 /* GoogleSignIn in Frameworks */ = {isa = PBXBuildFile; productRef = D1954F232DC571F00052E0B8 /* GoogleSignIn */; };
		D1954F262DC571F60052E0B8 /* GoogleSignInSwift in Frameworks */ = {isa = PBXBuildFile; productRef = D1954F252DC571F60052E0B8 /* GoogleSignInSwift */; };
/* End PBXBuildFile section */

/* Begin PBXContainerItemProxy section */
		D1954EBC2DC4782F0052E0B8 /* PBXContainerItemProxy */ = {
			isa = PBXContainerItemProxy;
			containerPortal = D1954EA62DC4782C0052E0B8 /* Project object */;
			proxyType = 1;
			remoteGlobalIDString = D1954EAD2DC4782C0052E0B8;
			remoteInfo = FamilyCalendar;
		};
		D1954EC62DC4782F0052E0B8 /* PBXContainerItemProxy */ = {
			isa = PBXContainerItemProxy;
			containerPortal = D1954EA62DC4782C0052E0B8 /* Project object */;
			proxyType = 1;
			remoteGlobalIDString = D1954EAD2DC4782C0052E0B8;
			remoteInfo = FamilyCalendar;
		};
/* End PBXContainerItemProxy section */

/* Begin PBXFileReference section */
		D1954EAE2DC4782C0052E0B8 /* FamilyCalendar.app */ = {isa = PBXFileReference; explicitFileType = wrapper.application; includeInIndex = 0; path = FamilyCalendar.app; sourceTree = BUILT_PRODUCTS_DIR; };
		D1954EBB2DC4782F0052E0B8 /* FamilyCalendarTests.xctest */ = {isa = PBXFileReference; explicitFileType = wrapper.cfbundle; includeInIndex = 0; path = FamilyCalendarTests.xctest; sourceTree = BUILT_PRODUCTS_DIR; };
		D1954EC52DC4782F0052E0B8 /* FamilyCalendarUITests.xctest */ = {isa = PBXFileReference; explicitFileType = wrapper.cfbundle; includeInIndex = 0; path = FamilyCalendarUITests.xctest; sourceTree = BUILT_PRODUCTS_DIR; };
/* End PBXFileReference section */

/* Begin PBXFileSystemSynchronizedBuildFileExceptionSet section */
		D1954F192DC56E110052E0B8 /* Exceptions for "FamilyCalendar" folder in "FamilyCalendar" target */ = {
			isa = PBXFileSystemSynchronizedBuildFileExceptionSet;
			membershipExceptions = (
				Info.plist,
			);
			target = D1954EAD2DC4782C0052E0B8 /* FamilyCalendar */;
		};
/* End PBXFileSystemSynchronizedBuildFileExceptionSet section */

/* Begin PBXFileSystemSynchronizedRootGroup section */
		D1954EB02DC4782C0052E0B8 /* FamilyCalendar */ = {
			isa = PBXFileSystemSynchronizedRootGroup;
			exceptions = (
				D1954F192DC56E110052E0B8 /* Exceptions for "FamilyCalendar" folder in "FamilyCalendar" target */,
			);
			path = FamilyCalendar;
			sourceTree = "<group>";
		};
		D1954EBE2DC4782F0052E0B8 /* FamilyCalendarTests */ = {
			isa = PBXFileSystemSynchronizedRootGroup;
			path = FamilyCalendarTests;
			sourceTree = "<group>";
		};
		D1954EC82DC4782F0052E0B8 /* FamilyCalendarUITests */ = {
			isa = PBXFileSystemSynchronizedRootGroup;
			path = FamilyCalendarUITests;
			sourceTree = "<group>";
		};
/* End PBXFileSystemSynchronizedRootGroup section */

/* Begin PBXFrameworksBuildPhase section */
		D1954EAB2DC4782C0052E0B8 /* Frameworks */ = {
			isa = PBXFrameworksBuildPhase;
			buildActionMask = 2147483647;
			files = (
				D1954F142DC481C60052E0B8 /* FirebaseAppCheck in Frameworks */,
				D1954F1C2DC56F0F0052E0B8 /* FirebaseAuth in Frameworks */,
				D1954F0E2DC481C60052E0B8 /* FirebaseAnalytics in Frameworks */,
				D1954F222DC571DA0052E0B8 /* GoogleAPIClientForREST_Calendar in Frameworks */,
				D1954F162DC481C60052E0B8 /* FirebaseAppDistribution-Beta in Frameworks */,
				D1954F262DC571F60052E0B8 /* GoogleSignInSwift in Frameworks */,
				D1954F122DC481C60052E0B8 /* FirebaseAnalyticsWithoutAdIdSupport in Frameworks */,
				D1954F102DC481C60052E0B8 /* FirebaseAnalyticsOnDeviceConversion in Frameworks */,
				D1954F1E2DC56F850052E0B8 /* FirebaseFirestore in Frameworks */,
				D1954F242DC571F00052E0B8 /* GoogleSignIn in Frameworks */,
			);
			runOnlyForDeploymentPostprocessing = 0;
		};
		D1954EB82DC4782F0052E0B8 /* Frameworks */ = {
			isa = PBXFrameworksBuildPhase;
			buildActionMask = 2147483647;
			files = (
			);
			runOnlyForDeploymentPostprocessing = 0;
		};
		D1954EC22DC4782F0052E0B8 /* Frameworks */ = {
			isa = PBXFrameworksBuildPhase;
			buildActionMask = 2147483647;
			files = (
			);
			runOnlyForDeploymentPostprocessing = 0;
		};
/* End PBXFrameworksBuildPhase section */

/* Begin PBXGroup section */
		D1954EA52DC4782C0052E0B8 = {
			isa = PBXGroup;
			children = (
				D1954EB02DC4782C0052E0B8 /* FamilyCalendar */,
				D1954EBE2DC4782F0052E0B8 /* FamilyCalendarTests */,
				D1954EC82DC4782F0052E0B8 /* FamilyCalendarUITests */,
				D1954F1A2DC56F0F0052E0B8 /* Frameworks */,
				D1954EAF2DC4782C0052E0B8 /* Products */,
			);
			sourceTree = "<group>";
		};
		D1954EAF2DC4782C0052E0B8 /* Products */ = {
			isa = PBXGroup;
			children = (
				D1954EAE2DC4782C0052E0B8 /* FamilyCalendar.app */,
				D1954EBB2DC4782F0052E0B8 /* FamilyCalendarTests.xctest */,
				D1954EC52DC4782F0052E0B8 /* FamilyCalendarUITests.xctest */,
			);
			name = Products;
			sourceTree = "<group>";
		};
		D1954F1A2DC56F0F0052E0B8 /* Frameworks */ = {
			isa = PBXGroup;
			children = (
			);
			name = Frameworks;
			sourceTree = "<group>";
		};
/* End PBXGroup section */

/* Begin PBXNativeTarget section */
		D1954EAD2DC4782C0052E0B8 /* FamilyCalendar */ = {
			isa = PBXNativeTarget;
			buildConfigurationList = D1954ECF2DC4782F0052E0B8 /* Build configuration list for PBXNativeTarget "FamilyCalendar" */;
			buildPhases = (
				D1954EAA2DC4782C0052E0B8 /* Sources */,
				D1954EAB2DC4782C0052E0B8 /* Frameworks */,
				D1954EAC2DC4782C0052E0B8 /* Resources */,
			);
			buildRules = (
			);
			dependencies = (
			);
			fileSystemSynchronizedGroups = (
				D1954EB02DC4782C0052E0B8 /* FamilyCalendar */,
			);
			name = FamilyCalendar;
			packageProductDependencies = (
				D1954F0D2DC481C60052E0B8 /* FirebaseAnalytics */,
				D1954F0F2DC481C60052E0B8 /* FirebaseAnalyticsOnDeviceConversion */,
				D1954F112DC481C60052E0B8 /* FirebaseAnalyticsWithoutAdIdSupport */,
				D1954F132DC481C60052E0B8 /* FirebaseAppCheck */,
				D1954F152DC481C60052E0B8 /* FirebaseAppDistribution-Beta */,
				D1954F1B2DC56F0F0052E0B8 /* FirebaseAuth */,
				D1954F1D2DC56F850052E0B8 /* FirebaseFirestore */,
				D1954F212DC571DA0052E0B8 /* GoogleAPIClientForREST_Calendar */,
				D1954F232DC571F00052E0B8 /* GoogleSignIn */,
				D1954F252DC571F60052E0B8 /* GoogleSignInSwift */,
			);
			productName = FamilyCalendar;
			productReference = D1954EAE2DC4782C0052E0B8 /* FamilyCalendar.app */;
			productType = "com.apple.product-type.application";
		};
		D1954EBA2DC4782F0052E0B8 /* FamilyCalendarTests */ = {
			isa = PBXNativeTarget;
			buildConfigurationList = D1954ED22DC4782F0052E0B8 /* Build configuration list for PBXNativeTarget "FamilyCalendarTests" */;
			buildPhases = (
				D1954EB72DC4782F0052E0B8 /* Sources */,
				D1954EB82DC4782F0052E0B8 /* Frameworks */,
				D1954EB92DC4782F0052E0B8 /* Resources */,
			);
			buildRules = (
			);
			dependencies = (
				D1954EBD2DC4782F0052E0B8 /* PBXTargetDependency */,
			);
			fileSystemSynchronizedGroups = (
				D1954EBE2DC4782F0052E0B8 /* FamilyCalendarTests */,
			);
			name = FamilyCalendarTests;
			packageProductDependencies = (
			);
			productName = FamilyCalendarTests;
			productReference = D1954EBB2DC4782F0052E0B8 /* FamilyCalendarTests.xctest */;
			productType = "com.apple.product-type.bundle.unit-test";
		};
		D1954EC42DC4782F0052E0B8 /* FamilyCalendarUITests */ = {
			isa = PBXNativeTarget;
			buildConfigurationList = D1954ED52DC4782F0052E0B8 /* Build configuration list for PBXNativeTarget "FamilyCalendarUITests" */;
			buildPhases = (
				D1954EC12DC4782F0052E0B8 /* Sources */,
				D1954EC22DC4782F0052E0B8 /* Frameworks */,
				D1954EC32DC4782F0052E0B8 /* Resources */,
			);
			buildRules = (
			);
			dependencies = (
				D1954EC72DC4782F0052E0B8 /* PBXTargetDependency */,
			);
			fileSystemSynchronizedGroups = (
				D1954EC82DC4782F0052E0B8 /* FamilyCalendarUITests */,
			);
			name = FamilyCalendarUITests;
			packageProductDependencies = (
			);
			productName = FamilyCalendarUITests;
			productReference = D1954EC52DC4782F0052E0B8 /* FamilyCalendarUITests.xctest */;
			productType = "com.apple.product-type.bundle.ui-testing";
		};
/* End PBXNativeTarget section */

/* Begin PBXProject section */
		D1954EA62DC4782C0052E0B8 /* Project object */ = {
			isa = PBXProject;
			attributes = {
				BuildIndependentTargetsInParallel = 1;
				LastSwiftUpdateCheck = 1630;
				LastUpgradeCheck = 1630;
				TargetAttributes = {
					D1954EAD2DC4782C0052E0B8 = {
						CreatedOnToolsVersion = 16.3;
					};
					D1954EBA2DC4782F0052E0B8 = {
						CreatedOnToolsVersion = 16.3;
						TestTargetID = D1954EAD2DC4782C0052E0B8;
					};
					D1954EC42DC4782F0052E0B8 = {
						CreatedOnToolsVersion = 16.3;
						TestTargetID = D1954EAD2DC4782C0052E0B8;
					};
				};
			};
			buildConfigurationList = D1954EA92DC4782C0052E0B8 /* Build configuration list for PBXProject "FamilyCalendar" */;
			developmentRegion = en;
			hasScannedForEncodings = 0;
			knownRegions = (
				en,
				Base,
			);
			mainGroup = D1954EA52DC4782C0052E0B8;
			minimizedProjectReferenceProxies = 1;
			packageReferences = (
				D1954F0C2DC481C60052E0B8 /* XCRemoteSwiftPackageReference "firebase-ios-sdk" */,
				D1954F1F2DC570330052E0B8 /* XCRemoteSwiftPackageReference "GoogleSignIn-iOS" */,
				D1954F202DC571B70052E0B8 /* XCRemoteSwiftPackageReference "google-api-objectivec-client-for-rest" */,
			);
			preferredProjectObjectVersion = 77;
			productRefGroup = D1954EAF2DC4782C0052E0B8 /* Products */;
			projectDirPath = "";
			projectRoot = "";
			targets = (
				D1954EAD2DC4782C0052E0B8 /* FamilyCalendar */,
				D1954EBA2DC4782F0052E0B8 /* FamilyCalendarTests */,
				D1954EC42DC4782F0052E0B8 /* FamilyCalendarUITests */,
			);
		};
/* End PBXProject section */

/* Begin PBXResourcesBuildPhase section */
		D1954EAC2DC4782C0052E0B8 /* Resources */ = {
			isa = PBXResourcesBuildPhase;
			buildActionMask = 2147483647;
			files = (
			);
			runOnlyForDeploymentPostprocessing = 0;
		};
		D1954EB92DC4782F0052E0B8 /* Resources */ = {
			isa = PBXResourcesBuildPhase;
			buildActionMask = 2147483647;
			files = (
			);
			runOnlyForDeploymentPostprocessing = 0;
		};
		D1954EC32DC4782F0052E0B8 /* Resources */ = {
			isa = PBXResourcesBuildPhase;
			buildActionMask = 2147483647;
			files = (
			);
			runOnlyForDeploymentPostprocessing = 0;
		};
/* End PBXResourcesBuildPhase section */

/* Begin PBXSourcesBuildPhase section */
		D1954EAA2DC4782C0052E0B8 /* Sources */ = {
			isa = PBXSourcesBuildPhase;
			buildActionMask = 2147483647;
			files = (
			);
			runOnlyForDeploymentPostprocessing = 0;
		};
		D1954EB72DC4782F0052E0B8 /* Sources */ = {
			isa = PBXSourcesBuildPhase;
			buildActionMask = 2147483647;
			files = (
			);
			runOnlyForDeploymentPostprocessing = 0;
		};
		D1954EC12DC4782F0052E0B8 /* Sources */ = {
			isa = PBXSourcesBuildPhase;
			buildActionMask = 2147483647;
			files = (
			);
			runOnlyForDeploymentPostprocessing = 0;
		};
/* End PBXSourcesBuildPhase section */

/* Begin PBXTargetDependency section */
		D1954EBD2DC4782F0052E0B8 /* PBXTargetDependency */ = {
			isa = PBXTargetDependency;
			target = D1954EAD2DC4782C0052E0B8 /* FamilyCalendar */;
			targetProxy = D1954EBC2DC4782F0052E0B8 /* PBXContainerItemProxy */;
		};
		D1954EC72DC4782F0052E0B8 /* PBXTargetDependency */ = {
			isa = PBXTargetDependency;
			target = D1954EAD2DC4782C0052E0B8 /* FamilyCalendar */;
			targetProxy = D1954EC62DC4782F0052E0B8 /* PBXContainerItemProxy */;
		};
/* End PBXTargetDependency section */

/* Begin XCBuildConfiguration section */
		D1954ECD2DC4782F0052E0B8 /* Debug */ = {
			isa = XCBuildConfiguration;
			buildSettings = {
				ALWAYS_SEARCH_USER_PATHS = NO;
				ASSETCATALOG_COMPILER_GENERATE_SWIFT_ASSET_SYMBOL_EXTENSIONS = YES;
				CLANG_ANALYZER_NONNULL = YES;
				CLANG_ANALYZER_NUMBER_OBJECT_CONVERSION = YES_AGGRESSIVE;
				CLANG_CXX_LANGUAGE_STANDARD = "gnu++20";
				CLANG_ENABLE_MODULES = YES;
				CLANG_ENABLE_OBJC_ARC = YES;
				CLANG_ENABLE_OBJC_WEAK = YES;
				CLANG_WARN_BLOCK_CAPTURE_AUTORELEASING = YES;
				CLANG_WARN_BOOL_CONVERSION = YES;
				CLANG_WARN_COMMA = YES;
				CLANG_WARN_CONSTANT_CONVERSION = YES;
				CLANG_WARN_DEPRECATED_OBJC_IMPLEMENTATIONS = YES;
				CLANG_WARN_DIRECT_OBJC_ISA_USAGE = YES_ERROR;
				CLANG_WARN_DOCUMENTATION_COMMENTS = YES;
				CLANG_WARN_EMPTY_BODY = YES;
				CLANG_WARN_ENUM_CONVERSION = YES;
				CLANG_WARN_INFINITE_RECURSION = YES;
				CLANG_WARN_INT_CONVERSION = YES;
				CLANG_WARN_NON_LITERAL_NULL_CONVERSION = YES;
				CLANG_WARN_OBJC_IMPLICIT_RETAIN_SELF = YES;
				CLANG_WARN_OBJC_LITERAL_CONVERSION = YES;
				CLANG_WARN_OBJC_ROOT_CLASS = YES_ERROR;
				CLANG_WARN_QUOTED_INCLUDE_IN_FRAMEWORK_HEADER = YES;
				CLANG_WARN_RANGE_LOOP_ANALYSIS = YES;
				CLANG_WARN_STRICT_PROTOTYPES = YES;
				CLANG_WARN_SUSPICIOUS_MOVE = YES;
				CLANG_WARN_UNGUARDED_AVAILABILITY = YES_AGGRESSIVE;
				CLANG_WARN_UNREACHABLE_CODE = YES;
				CLANG_WARN__DUPLICATE_METHOD_MATCH = YES;
				COPY_PHASE_STRIP = NO;
				DEBUG_INFORMATION_FORMAT = dwarf;
				ENABLE_STRICT_OBJC_MSGSEND = YES;
				ENABLE_TESTABILITY = YES;
				ENABLE_USER_SCRIPT_SANDBOXING = YES;
				GCC_C_LANGUAGE_STANDARD = gnu17;
				GCC_DYNAMIC_NO_PIC = NO;
				GCC_NO_COMMON_BLOCKS = YES;
				GCC_OPTIMIZATION_LEVEL = 0;
				GCC_PREPROCESSOR_DEFINITIONS = (
					"DEBUG=1",
					"$(inherited)",
				);
				GCC_WARN_64_TO_32_BIT_CONVERSION = YES;
				GCC_WARN_ABOUT_RETURN_TYPE = YES_ERROR;
				GCC_WARN_UNDECLARED_SELECTOR = YES;
				GCC_WARN_UNINITIALIZED_AUTOS = YES_AGGRESSIVE;
				GCC_WARN_UNUSED_FUNCTION = YES;
				GCC_WARN_UNUSED_VARIABLE = YES;
				IPHONEOS_DEPLOYMENT_TARGET = 18.4;
				LOCALIZATION_PREFERS_STRING_CATALOGS = YES;
				MTL_ENABLE_DEBUG_INFO = INCLUDE_SOURCE;
				MTL_FAST_MATH = YES;
				ONLY_ACTIVE_ARCH = YES;
				SDKROOT = iphoneos;
				SWIFT_ACTIVE_COMPILATION_CONDITIONS = "DEBUG $(inherited)";
				SWIFT_OPTIMIZATION_LEVEL = "-Onone";
			};
			name = Debug;
		};
		D1954ECE2DC4782F0052E0B8 /* Release */ = {
			isa = XCBuildConfiguration;
			buildSettings = {
				ALWAYS_SEARCH_USER_PATHS = NO;
				ASSETCATALOG_COMPILER_GENERATE_SWIFT_ASSET_SYMBOL_EXTENSIONS = YES;
				CLANG_ANALYZER_NONNULL = YES;
				CLANG_ANALYZER_NUMBER_OBJECT_CONVERSION = YES_AGGRESSIVE;
				CLANG_CXX_LANGUAGE_STANDARD = "gnu++20";
				CLANG_ENABLE_MODULES = YES;
				CLANG_ENABLE_OBJC_ARC = YES;
				CLANG_ENABLE_OBJC_WEAK = YES;
				CLANG_WARN_BLOCK_CAPTURE_AUTORELEASING = YES;
				CLANG_WARN_BOOL_CONVERSION = YES;
				CLANG_WARN_COMMA = YES;
				CLANG_WARN_CONSTANT_CONVERSION = YES;
				CLANG_WARN_DEPRECATED_OBJC_IMPLEMENTATIONS = YES;
				CLANG_WARN_DIRECT_OBJC_ISA_USAGE = YES_ERROR;
				CLANG_WARN_DOCUMENTATION_COMMENTS = YES;
				CLANG_WARN_EMPTY_BODY = YES;
				CLANG_WARN_ENUM_CONVERSION = YES;
				CLANG_WARN_INFINITE_RECURSION = YES;
				CLANG_WARN_INT_CONVERSION = YES;
				CLANG_WARN_NON_LITERAL_NULL_CONVERSION = YES;
				CLANG_WARN_OBJC_IMPLICIT_RETAIN_SELF = YES;
				CLANG_WARN_OBJC_LITERAL_CONVERSION = YES;
				CLANG_WARN_OBJC_ROOT_CLASS = YES_ERROR;
				CLANG_WARN_QUOTED_INCLUDE_IN_FRAMEWORK_HEADER = YES;
				CLANG_WARN_RANGE_LOOP_ANALYSIS = YES;
				CLANG_WARN_STRICT_PROTOTYPES = YES;
				CLANG_WARN_SUSPICIOUS_MOVE = YES;
				CLANG_WARN_UNGUARDED_AVAILABILITY = YES_AGGRESSIVE;
				CLANG_WARN_UNREACHABLE_CODE = YES;
				CLANG_WARN__DUPLICATE_METHOD_MATCH = YES;
				COPY_PHASE_STRIP = NO;
				DEBUG_INFORMATION_FORMAT = "dwarf-with-dsym";
				ENABLE_NS_ASSERTIONS = NO;
				ENABLE_STRICT_OBJC_MSGSEND = YES;
				ENABLE_USER_SCRIPT_SANDBOXING = YES;
				GCC_C_LANGUAGE_STANDARD = gnu17;
				GCC_NO_COMMON_BLOCKS = YES;
				GCC_WARN_64_TO_32_BIT_CONVERSION = YES;
				GCC_WARN_ABOUT_RETURN_TYPE = YES_ERROR;
				GCC_WARN_UNDECLARED_SELECTOR = YES;
				GCC_WARN_UNINITIALIZED_AUTOS = YES_AGGRESSIVE;
				GCC_WARN_UNUSED_FUNCTION = YES;
				GCC_WARN_UNUSED_VARIABLE = YES;
				IPHONEOS_DEPLOYMENT_TARGET = 18.4;
				LOCALIZATION_PREFERS_STRING_CATALOGS = YES;
				MTL_ENABLE_DEBUG_INFO = NO;
				MTL_FAST_MATH = YES;
				SDKROOT = iphoneos;
				SWIFT_COMPILATION_MODE = wholemodule;
				VALIDATE_PRODUCT = YES;
			};
			name = Release;
		};
		D1954ED02DC4782F0052E0B8 /* Debug */ = {
			isa = XCBuildConfiguration;
			buildSettings = {
				ASSETCATALOG_COMPILER_APPICON_NAME = AppIcon;
				ASSETCATALOG_COMPILER_GLOBAL_ACCENT_COLOR_NAME = AccentColor;
				CODE_SIGN_STYLE = Automatic;
				CURRENT_PROJECT_VERSION = 1;
				ENABLE_PREVIEWS = YES;
				GENERATE_INFOPLIST_FILE = YES;
				INFOPLIST_KEY_UIApplicationSceneManifest_Generation = YES;
				INFOPLIST_KEY_UIApplicationSupportsIndirectInputEvents = YES;
				INFOPLIST_KEY_UILaunchScreen_Generation = YES;
				INFOPLIST_KEY_UISupportedInterfaceOrientations_iPad = "UIInterfaceOrientationPortrait UIInterfaceOrientationPortraitUpsideDown UIInterfaceOrientationLandscapeLeft UIInterfaceOrientationLandscapeRight";
				INFOPLIST_KEY_UISupportedInterfaceOrientations_iPhone = "UIInterfaceOrientationPortrait UIInterfaceOrientationLandscapeLeft UIInterfaceOrientationLandscapeRight";
				LD_RUNPATH_SEARCH_PATHS = (
					"$(inherited)",
					"@executable_path/Frameworks",
				);
				MARKETING_VERSION = 1.0;
				PRODUCT_BUNDLE_IDENTIFIER = com.tylerstauss.FamilyCalendar;
				PRODUCT_NAME = "$(TARGET_NAME)";
				SWIFT_EMIT_LOC_STRINGS = YES;
				SWIFT_VERSION = 5.0;
				TARGETED_DEVICE_FAMILY = "1,2";
			};
			name = Debug;
		};
		D1954ED12DC4782F0052E0B8 /* Release */ = {
			isa = XCBuildConfiguration;
			buildSettings = {
				ASSETCATALOG_COMPILER_APPICON_NAME = AppIcon;
				ASSETCATALOG_COMPILER_GLOBAL_ACCENT_COLOR_NAME = AccentColor;
				CODE_SIGN_STYLE = Automatic;
				CURRENT_PROJECT_VERSION = 1;
				ENABLE_PREVIEWS = YES;
				GENERATE_INFOPLIST_FILE = YES;
				INFOPLIST_KEY_UIApplicationSceneManifest_Generation = YES;
				INFOPLIST_KEY_UIApplicationSupportsIndirectInputEvents = YES;
				INFOPLIST_KEY_UILaunchScreen_Generation = YES;
				INFOPLIST_KEY_UISupportedInterfaceOrientations_iPad = "UIInterfaceOrientationPortrait UIInterfaceOrientationPortraitUpsideDown UIInterfaceOrientationLandscapeLeft UIInterfaceOrientationLandscapeRight";
				INFOPLIST_KEY_UISupportedInterfaceOrientations_iPhone = "UIInterfaceOrientationPortrait UIInterfaceOrientationLandscapeLeft UIInterfaceOrientationLandscapeRight";
				LD_RUNPATH_SEARCH_PATHS = (
					"$(inherited)",
					"@executable_path/Frameworks",
				);
				MARKETING_VERSION = 1.0;
				PRODUCT_BUNDLE_IDENTIFIER = com.tylerstauss.FamilyCalendar;
				PRODUCT_NAME = "$(TARGET_NAME)";
				SWIFT_EMIT_LOC_STRINGS = YES;
				SWIFT_VERSION = 5.0;
				TARGETED_DEVICE_FAMILY = "1,2";
			};
			name = Release;
		};
		D1954ED32DC4782F0052E0B8 /* Debug */ = {
			isa = XCBuildConfiguration;
			buildSettings = {
				BUNDLE_LOADER = "$(TEST_HOST)";
				CODE_SIGN_STYLE = Automatic;
				CURRENT_PROJECT_VERSION = 1;
				GENERATE_INFOPLIST_FILE = YES;
				IPHONEOS_DEPLOYMENT_TARGET = 18.4;
				MARKETING_VERSION = 1.0;
				PRODUCT_BUNDLE_IDENTIFIER = com.tylerstauss.FamilyCalendarTests;
				PRODUCT_NAME = "$(TARGET_NAME)";
				SWIFT_EMIT_LOC_STRINGS = NO;
				SWIFT_VERSION = 5.0;
				TARGETED_DEVICE_FAMILY = "1,2";
				TEST_HOST = "$(BUILT_PRODUCTS_DIR)/FamilyCalendar.app/$(BUNDLE_EXECUTABLE_FOLDER_PATH)/FamilyCalendar";
			};
			name = Debug;
		};
		D1954ED42DC4782F0052E0B8 /* Release */ = {
			isa = XCBuildConfiguration;
			buildSettings = {
				BUNDLE_LOADER = "$(TEST_HOST)";
				CODE_SIGN_STYLE = Automatic;
				CURRENT_PROJECT_VERSION = 1;
				GENERATE_INFOPLIST_FILE = YES;
				IPHONEOS_DEPLOYMENT_TARGET = 18.4;
				MARKETING_VERSION = 1.0;
				PRODUCT_BUNDLE_IDENTIFIER = com.tylerstauss.FamilyCalendarTests;
				PRODUCT_NAME = "$(TARGET_NAME)";
				SWIFT_EMIT_LOC_STRINGS = NO;
				SWIFT_VERSION = 5.0;
				TARGETED_DEVICE_FAMILY = "1,2";
				TEST_HOST = "$(BUILT_PRODUCTS_DIR)/FamilyCalendar.app/$(BUNDLE_EXECUTABLE_FOLDER_PATH)/FamilyCalendar";
			};
			name = Release;
		};
		D1954ED62DC4782F0052E0B8 /* Debug */ = {
			isa = XCBuildConfiguration;
			buildSettings = {
				CODE_SIGN_STYLE = Automatic;
				CURRENT_PROJECT_VERSION = 1;
				GENERATE_INFOPLIST_FILE = YES;
				MARKETING_VERSION = 1.0;
				PRODUCT_BUNDLE_IDENTIFIER = com.tylerstauss.FamilyCalendarUITests;
				PRODUCT_NAME = "$(TARGET_NAME)";
				SWIFT_EMIT_LOC_STRINGS = NO;
				SWIFT_VERSION = 5.0;
				TARGETED_DEVICE_FAMILY = "1,2";
				TEST_TARGET_NAME = FamilyCalendar;
			};
			name = Debug;
		};
		D1954ED72DC4782F0052E0B8 /* Release */ = {
			isa = XCBuildConfiguration;
			buildSettings = {
				CODE_SIGN_STYLE = Automatic;
				CURRENT_PROJECT_VERSION = 1;
				GENERATE_INFOPLIST_FILE = YES;
				MARKETING_VERSION = 1.0;
				PRODUCT_BUNDLE_IDENTIFIER = com.tylerstauss.FamilyCalendarUITests;
				PRODUCT_NAME = "$(TARGET_NAME)";
				SWIFT_EMIT_LOC_STRINGS = NO;
				SWIFT_VERSION = 5.0;
				TARGETED_DEVICE_FAMILY = "1,2";
				TEST_TARGET_NAME = FamilyCalendar;
			};
			name = Release;
		};
/* End XCBuildConfiguration section */

/* Begin XCConfigurationList section */
		D1954EA92DC4782C0052E0B8 /* Build configuration list for PBXProject "FamilyCalendar" */ = {
			isa = XCConfigurationList;
			buildConfigurations = (
				D1954ECD2DC4782F0052E0B8 /* Debug */,
				D1954ECE2DC4782F0052E0B8 /* Release */,
			);
			defaultConfigurationIsVisible = 0;
			defaultConfigurationName = Release;
		};
		D1954ECF2DC4782F0052E0B8 /* Build configuration list for PBXNativeTarget "FamilyCalendar" */ = {
			isa = XCConfigurationList;
			buildConfigurations = (
				D1954ED02DC4782F0052E0B8 /* Debug */,
				D1954ED12DC4782F0052E0B8 /* Release */,
			);
			defaultConfigurationIsVisible = 0;
			defaultConfigurationName = Release;
		};
		D1954ED22DC4782F0052E0B8 /* Build configuration list for PBXNativeTarget "FamilyCalendarTests" */ = {
			isa = XCConfigurationList;
			buildConfigurations = (
				D1954ED32DC4782F0052E0B8 /* Debug */,
				D1954ED42DC4782F0052E0B8 /* Release */,
			);
			defaultConfigurationIsVisible = 0;
			defaultConfigurationName = Release;
		};
		D1954ED52DC4782F0052E0B8 /* Build configuration list for PBXNativeTarget "FamilyCalendarUITests" */ = {
			isa = XCConfigurationList;
			buildConfigurations = (
				D1954ED62DC4782F0052E0B8 /* Debug */,
				D1954ED72DC4782F0052E0B8 /* Release */,
			);
			defaultConfigurationIsVisible = 0;
			defaultConfigurationName = Release;
		};
/* End XCConfigurationList section */

/* Begin XCRemoteSwiftPackageReference section */
		D1954F0C2DC481C60052E0B8 /* XCRemoteSwiftPackageReference "firebase-ios-sdk" */ = {
			isa = XCRemoteSwiftPackageReference;
			repositoryURL = "https://github.com/firebase/firebase-ios-sdk";
			requirement = {
				kind = upToNextMajorVersion;
				minimumVersion = 11.12.0;
			};
		};
		D1954F1F2DC570330052E0B8 /* XCRemoteSwiftPackageReference "GoogleSignIn-iOS" */ = {
			isa = XCRemoteSwiftPackageReference;
			repositoryURL = "https://github.com/google/GoogleSignIn-iOS.git";
			requirement = {
				kind = upToNextMajorVersion;
				minimumVersion = 8.0.0;
			};
		};
		D1954F202DC571B70052E0B8 /* XCRemoteSwiftPackageReference "google-api-objectivec-client-for-rest" */ = {
			isa = XCRemoteSwiftPackageReference;
			repositoryURL = "https://github.com/google/google-api-objectivec-client-for-rest.git";
			requirement = {
				branch = main;
				kind = branch;
			};
		};
/* End XCRemoteSwiftPackageReference section */

/* Begin XCSwiftPackageProductDependency section */
		D1954F0D2DC481C60052E0B8 /* FirebaseAnalytics */ = {
			isa = XCSwiftPackageProductDependency;
			package = D1954F0C2DC481C60052E0B8 /* XCRemoteSwiftPackageReference "firebase-ios-sdk" */;
			productName = FirebaseAnalytics;
		};
		D1954F0F2DC481C60052E0B8 /* FirebaseAnalyticsOnDeviceConversion */ = {
			isa = XCSwiftPackageProductDependency;
			package = D1954F0C2DC481C60052E0B8 /* XCRemoteSwiftPackageReference "firebase-ios-sdk" */;
			productName = FirebaseAnalyticsOnDeviceConversion;
		};
		D1954F112DC481C60052E0B8 /* FirebaseAnalyticsWithoutAdIdSupport */ = {
			isa = XCSwiftPackageProductDependency;
			package = D1954F0C2DC481C60052E0B8 /* XCRemoteSwiftPackageReference "firebase-ios-sdk" */;
			productName = FirebaseAnalyticsWithoutAdIdSupport;
		};
		D1954F132DC481C60052E0B8 /* FirebaseAppCheck */ = {
			isa = XCSwiftPackageProductDependency;
			package = D1954F0C2DC481C60052E0B8 /* XCRemoteSwiftPackageReference "firebase-ios-sdk" */;
			productName = FirebaseAppCheck;
		};
		D1954F152DC481C60052E0B8 /* FirebaseAppDistribution-Beta */ = {
			isa = XCSwiftPackageProductDependency;
			package = D1954F0C2DC481C60052E0B8 /* XCRemoteSwiftPackageReference "firebase-ios-sdk" */;
			productName = "FirebaseAppDistribution-Beta";
		};
		D1954F1B2DC56F0F0052E0B8 /* FirebaseAuth */ = {
			isa = XCSwiftPackageProductDependency;
			package = D1954F0C2DC481C60052E0B8 /* XCRemoteSwiftPackageReference "firebase-ios-sdk" */;
			productName = FirebaseAuth;
		};
		D1954F1D2DC56F850052E0B8 /* FirebaseFirestore */ = {
			isa = XCSwiftPackageProductDependency;
			package = D1954F0C2DC481C60052E0B8 /* XCRemoteSwiftPackageReference "firebase-ios-sdk" */;
			productName = FirebaseFirestore;
		};
		D1954F212DC571DA0052E0B8 /* GoogleAPIClientForREST_Calendar */ = {
			isa = XCSwiftPackageProductDependency;
			package = D1954F202DC571B70052E0B8 /* XCRemoteSwiftPackageReference "google-api-objectivec-client-for-rest" */;
			productName = GoogleAPIClientForREST_Calendar;
		};
		D1954F232DC571F00052E0B8 /* GoogleSignIn */ = {
			isa = XCSwiftPackageProductDependency;
			package = D1954F1F2DC570330052E0B8 /* XCRemoteSwiftPackageReference "GoogleSignIn-iOS" */;
			productName = GoogleSignIn;
		};
		D1954F252DC571F60052E0B8 /* GoogleSignInSwift */ = {
			isa = XCSwiftPackageProductDependency;
			package = D1954F1F2DC570330052E0B8 /* XCRemoteSwiftPackageReference "GoogleSignIn-iOS" */;
			productName = GoogleSignInSwift;
		};
/* End XCSwiftPackageProductDependency section */
	};
	rootObject = D1954EA62DC4782C0052E0B8 /* Project object */;
}
